Microsoft Visual Studio Solution File, Format Version 12.00
# Visual Studio 15
VisualStudioVersion = 15.0.27703.2026
MinimumVisualStudioVersion = 10.0.40219.1
Project("{FAE04EC0-301F-11D3-BF4B-00C04F79EFBC}") = "HackathonWeb", "HackathonWeb\HackathonWeb.csproj", "{B8D0D272-AAFD-40A6-8307-AE75D03281D4}"
EndProject
Project("{FAE04EC0-301F-11D3-BF4B-00C04F79EFBC}") = "HackathonWeb.Tests", "HackathonWeb.Tests\HackathonWeb.Tests.csproj", "{0A00EDE7-8B62-4367-BE2A-54BA5D57839D}"
EndProject
Global
	GlobalSection(SolutionConfigurationPlatforms) = preSolution
		Debug|Any CPU = Debug|Any CPU
		Release|Any CPU = Release|Any CPU
	EndGlobalSection
	GlobalSection(ProjectConfigurationPlatforms) = postSolution
		{B8D0D272-AAFD-40A6-8307-AE75D03281D4}.Debug|Any CPU.ActiveCfg = Debug|Any CPU
		{B8D0D272-AAFD-40A6-8307-AE75D03281D4}.Debug|Any CPU.Build.0 = Debug|Any CPU
		{B8D0D272-AAFD-40A6-8307-AE75D03281D4}.Release|Any CPU.ActiveCfg = Release|Any CPU
		{B8D0D272-AAFD-40A6-8307-AE75D03281D4}.Release|Any CPU.Build.0 = Release|Any CPU
		{0A00EDE7-8B62-4367-BE2A-54BA5D57839D}.Debug|Any CPU.ActiveCfg = Debug|Any CPU
		{0A00EDE7-8B62-4367-BE2A-54BA5D57839D}.Debug|Any CPU.Build.0 = Debug|Any CPU
		{0A00EDE7-8B62-4367-BE2A-54BA5D57839D}.Release|Any CPU.ActiveCfg = Release|Any CPU
		{0A00EDE7-8B62-4367-BE2A-54BA5D57839D}.Release|Any CPU.Build.0 = Release|Any CPU
	EndGlobalSection
	GlobalSection(SolutionProperties) = preSolution
		HideSolutionNode = FALSE
	EndGlobalSection
	GlobalSection(ExtensibilityGlobals) = postSolution
		SolutionGuid = {239B462C-5B5A-44A1-9829-6AC6C802CF80}
	EndGlobalSection
EndGlobal
